
Microsoft Visual Studio Solution File, Format Version 12.00
# Visual Studio Version 17
VisualStudioVersion = 17.4.33122.133
MinimumVisualStudioVersion = 10.0.40219.1
Project("{FAE04EC0-301F-11D3-BF4B-00C04F79EFBC}") = "Yashhesablama", "Yashhesablama\Yashhesablama.csproj", "{BB74C945-6CF0-489F-83A7-F7A51F79DE8F}"
EndProject
Global
	GlobalSection(SolutionConfigurationPlatforms) = preSolution
		Debug|Any CPU = Debug|Any CPU
		Release|Any CPU = Release|Any CPU
	EndGlobalSection
	GlobalSection(ProjectConfigurationPlatforms) = postSolution
		{BB74C945-6CF0-489F-83A7-F7A51F79DE8F}.Debug|Any CPU.ActiveCfg = Debug|Any CPU
		{BB74C945-6CF0-489F-83A7-F7A51F79DE8F}.Debug|Any CPU.Build.0 = Debug|Any CPU
		{BB74C945-6CF0-489F-83A7-F7A51F79DE8F}.Release|Any CPU.ActiveCfg = Release|Any CPU
		{BB74C945-6CF0-489F-83A7-F7A51F79DE8F}.Release|Any CPU.Build.0 = Release|Any CPU
	EndGlobalSection
	GlobalSection(SolutionProperties) = preSolution
		HideSolutionNode = FALSE
	EndGlobalSection
	GlobalSection(ExtensibilityGlobals) = postSolution
		SolutionGuid = {DA49B3FA-AE85-4BDB-A8F3-D79E9F5D4C03}
	EndGlobalSection
EndGlobal
